
Microsoft Visual Studio Solution File, Format Version 12.00
# Visual Studio 15
VisualStudioVersion = 15.0.27428.2027
MinimumVisualStudioVersion = 10.0.40219.1
Project("{FAE04EC0-301F-11D3-BF4B-00C04F79EFBC}") = "IHWork", "IHWork\IHWork.csproj", "{F27D1F3B-1676-4521-93A8-E8F77EA61F50}"
EndProject
Global
	GlobalSection(SolutionConfigurationPlatforms) = preSolution
		Debug|Any CPU = Debug|Any CPU
		Release|Any CPU = Release|Any CPU
	EndGlobalSection
	GlobalSection(ProjectConfigurationPlatforms) = postSolution
		{F27D1F3B-1676-4521-93A8-E8F77EA61F50}.Debug|Any CPU.ActiveCfg = Debug|Any CPU
		{F27D1F3B-1676-4521-93A8-E8F77EA61F50}.Debug|Any CPU.Build.0 = Debug|Any CPU
		{F27D1F3B-1676-4521-93A8-E8F77EA61F50}.Release|Any CPU.ActiveCfg = Release|Any CPU
		{F27D1F3B-1676-4521-93A8-E8F77EA61F50}.Release|Any CPU.Build.0 = Release|Any CPU
	EndGlobalSection
	GlobalSection(SolutionProperties) = preSolution
		HideSolutionNode = FALSE
	EndGlobalSection
	GlobalSection(ExtensibilityGlobals) = postSolution
		SolutionGuid = {3178D434-05D4-42C8-8EBB-DA3B5F725C19}
	EndGlobalSection
EndGlobal
